
Microsoft Visual Studio Solution File, Format Version 12.00
# Visual Studio Version 16
VisualStudioVersion = 16.0.30104.148
MinimumVisualStudioVersion = 10.0.40219.1
Project("{FAE04EC0-301F-11D3-BF4B-00C04F79EFBC}") = "GenerateJSModelFromEntitySQL", "GenerateJSModelFromEntitySQL\GenerateJSModelFromEntitySQL.csproj", "{DDB266BC-75D8-44C8-B3BE-625A4C600887}"
EndProject
Global
	GlobalSection(SolutionConfigurationPlatforms) = preSolution
		Debug|Any CPU = Debug|Any CPU
		Release|Any CPU = Release|Any CPU
	EndGlobalSection
	GlobalSection(ProjectConfigurationPlatforms) = postSolution
		{DDB266BC-75D8-44C8-B3BE-625A4C600887}.Debug|Any CPU.ActiveCfg = Debug|Any CPU
		{DDB266BC-75D8-44C8-B3BE-625A4C600887}.Debug|Any CPU.Build.0 = Debug|Any CPU
		{DDB266BC-75D8-44C8-B3BE-625A4C600887}.Release|Any CPU.ActiveCfg = Release|Any CPU
		{DDB266BC-75D8-44C8-B3BE-625A4C600887}.Release|Any CPU.Build.0 = Release|Any CPU
	EndGlobalSection
	GlobalSection(SolutionProperties) = preSolution
		HideSolutionNode = FALSE
	EndGlobalSection
	GlobalSection(ExtensibilityGlobals) = postSolution
		SolutionGuid = {4B6CB78D-EB06-4040-975B-3060E9EA2486}
	EndGlobalSection
EndGlobal
